
Microsoft Visual Studio Solution File, Format Version 12.00
# Visual Studio Version 16
VisualStudioVersion = 16.0.29123.88
MinimumVisualStudioVersion = 10.0.40219.1
Project("{FAE04EC0-301F-11D3-BF4B-00C04F79EFBC}") = "SPP", "SPP.csproj", "{54E06332-F5FD-4C5A-B822-9A871B0E851B}"
EndProject
Global
	GlobalSection(SolutionConfigurationPlatforms) = preSolution
		Debug|Any CPU = Debug|Any CPU
		Release|Any CPU = Release|Any CPU
	EndGlobalSection
	GlobalSection(ProjectConfigurationPlatforms) = postSolution
		{54E06332-F5FD-4C5A-B822-9A871B0E851B}.Debug|Any CPU.ActiveCfg = Debug|Any CPU
		{54E06332-F5FD-4C5A-B822-9A871B0E851B}.Debug|Any CPU.Build.0 = Debug|Any CPU
		{54E06332-F5FD-4C5A-B822-9A871B0E851B}.Release|Any CPU.ActiveCfg = Release|Any CPU
		{54E06332-F5FD-4C5A-B822-9A871B0E851B}.Release|Any CPU.Build.0 = Release|Any CPU
	EndGlobalSection
	GlobalSection(SolutionProperties) = preSolution
		HideSolutionNode = FALSE
	EndGlobalSection
	GlobalSection(ExtensibilityGlobals) = postSolution
		SolutionGuid = {27A885F0-8D29-456A-8687-A6AE4ED6B6CE}
	EndGlobalSection
EndGlobal
