
Microsoft Visual Studio Solution File, Format Version 12.00
# Visual Studio Version 16
VisualStudioVersion = 16.0.29123.88
MinimumVisualStudioVersion = 10.0.40219.1
Project("{FAE04EC0-301F-11D3-BF4B-00C04F79EFBC}") = "Mutex", "Mutex.csproj", "{B39D4FAA-2A6B-47E7-8F95-EB99F55E48E1}"
EndProject
Global
	GlobalSection(SolutionConfigurationPlatforms) = preSolution
		Debug|Any CPU = Debug|Any CPU
		Release|Any CPU = Release|Any CPU
	EndGlobalSection
	GlobalSection(ProjectConfigurationPlatforms) = postSolution
		{B39D4FAA-2A6B-47E7-8F95-EB99F55E48E1}.Debug|Any CPU.ActiveCfg = Debug|Any CPU
		{B39D4FAA-2A6B-47E7-8F95-EB99F55E48E1}.Debug|Any CPU.Build.0 = Debug|Any CPU
		{B39D4FAA-2A6B-47E7-8F95-EB99F55E48E1}.Release|Any CPU.ActiveCfg = Release|Any CPU
		{B39D4FAA-2A6B-47E7-8F95-EB99F55E48E1}.Release|Any CPU.Build.0 = Release|Any CPU
	EndGlobalSection
	GlobalSection(SolutionProperties) = preSolution
		HideSolutionNode = FALSE
	EndGlobalSection
	GlobalSection(ExtensibilityGlobals) = postSolution
		SolutionGuid = {9F973D87-C0B4-464C-B68A-6929AAACA3EC}
	EndGlobalSection
EndGlobal
